#MicroXplorer Configuration settings - do not modify
Mcu.Family=STM32L4
ProjectManager.MainLocation=Core/Src
USB_DEVICE.CLASS_NAME_FS=CDC
PA15\ (JTDI).GPIOParameters=GPIO_Label
RCC.USART1Freq_Value=80000000
PA14\ (JTCK/SWCLK).GPIOParameters=GPIO_Label
RCC.CortexFreq_Value=80000000
PC14-OSC32_IN\ (PC14).GPIO_PuPd=GPIO_PULLUP
ProjectManager.KeepUserCode=true
Mcu.UserName=STM32L412KBTx
NVIC.USB_IRQn=true\:0\:0\:false\:false\:true\:false\:true
ProjectManager.functionlistsort=1-MX_GPIO_Init-GPIO-false-HAL-true,2-SystemClock_Config-RCC-false-HAL-false,3-MX_I2C1_Init-I2C1-false-HAL-true,4-MX_USB_DEVICE_Init-USB_DEVICE-false-HAL-false
PA9.GPIOParameters=GPIO_Label
PA11.Mode=Device
PA3.GPIOParameters=GPIO_Label
PA6.GPIO_Label=RELAY03
PB0.GPIO_Label=RELAY01
PB6.GPIO_Label=SCL
RCC.USART2Freq_Value=80000000
PA15\ (JTDI).Signal=GPIO_Output
PB3\ (JTDO/TRACESWO).GPIOParameters=GPIO_Label
PA2.GPIOParameters=GPIO_Label
PinOutPanel.RotationAngle=0
RCC.MCO1PinFreq_Value=80000000
RCC.SYSCLKSource=RCC_SYSCLKSOURCE_PLLCLK
ProjectManager.StackSize=0x400
PB5.GPIOParameters=GPIO_Label
RCC.I2C3Freq_Value=80000000
RCC.LPTIM1Freq_Value=80000000
Mcu.IP4=USB
RCC.FCLKCortexFreq_Value=80000000
Mcu.IP5=USB_DEVICE
USB_DEVICE.MANUFACTURER_STRING=H-BRS/ISF
I2C1.IPParameters=Timing
NVIC.SVCall_IRQn=true\:0\:0\:false\:false\:true\:false\:false
Mcu.IP2=RCC
Mcu.IP3=SYS
Mcu.IP0=I2C1
PA14\ (JTCK/SWCLK).Signal=SYS_JTCK-SWCLK
Mcu.IP1=NVIC
PA12.Signal=USB_DP
PC15-OSC32_OUT\ (PC15).GPIOParameters=PinState,GPIO_Label
Mcu.UserConstants=
Mcu.ThirdPartyNb=0
RCC.HCLKFreq_Value=80000000
Mcu.IPNb=6
ProjectManager.PreviousToolchain=
RCC.APB2TimFreq_Value=80000000
PB6.Signal=I2C1_SCL
PB6.Mode=I2C
PA8.GPIOParameters=GPIO_Label
Mcu.Pin6=PA5
Mcu.Pin7=PA6
Mcu.Pin8=PA7
Mcu.Pin9=PB0
RCC.AHBFreq_Value=80000000
Mcu.Pin0=PC14-OSC32_IN (PC14)
Mcu.Pin1=PC15-OSC32_OUT (PC15)
GPIO.groupedBy=Group By Peripherals
Mcu.Pin2=PA1
Mcu.Pin3=PA2
Mcu.Pin4=PA3
Mcu.Pin5=PA4
ProjectManager.ProjectBuild=false
RCC.HSE_VALUE=8000000
NVIC.UsageFault_IRQn=true\:0\:0\:false\:false\:true\:false\:false
NVIC.DebugMonitor_IRQn=true\:0\:0\:false\:false\:true\:false\:false
PA8.Locked=true
PA4.Locked=true
NVIC.SysTick_IRQn=true\:0\:0\:false\:false\:true\:false\:true
ProjectManager.FirmwarePackage=STM32Cube FW_L4 V1.17.0
MxDb.Version=DB.6.0.21
PB0.GPIOParameters=GPIO_Label
PA13\ (JTMS/SWDIO).GPIO_Label=SWDIO
PA1.GPIOParameters=GPIO_Label
USB_DEVICE.USBD_SELF_POWERED=0
ProjectManager.BackupPrevious=false
RCC.VCOInputFreq_Value=16000000
PB1.GPIO_Label=RELAY09
File.Version=6
PA10.GPIO_Label=RELAY12
PB7.Signal=I2C1_SDA
PA8.Signal=GPIO_Output
PA14\ (JTCK/SWCLK).Mode=Serial_Wire
RCC.PLLRCLKFreq_Value=80000000
NVIC.PendSV_IRQn=true\:0\:0\:false\:false\:true\:false\:false
PB6.GPIOParameters=GPIO_Label
ProjectManager.HalAssertFull=false
PB0.Locked=true
RCC.CRSFreq_Value=48000000
ProjectManager.ProjectName=RelayBoard
PC15-OSC32_OUT\ (PC15).PinState=GPIO_PIN_RESET
PB7.GPIO_Label=SDA
PB4\ (NJTRST).Locked=true
Mcu.Package=LQFP32
PB1.Signal=GPIO_Output
PA6.Signal=GPIO_Output
PA7.Locked=true
PA5.Locked=true
ProjectManager.ToolChainLocation=
PA2.GPIO_Label=RELAY07
RCC.LSI_VALUE=32000
VP_SYS_VS_Systick.Signal=SYS_VS_Systick
RCC.LSCOPinFreq_Value=32000
PA10.Signal=GPIO_Output
VP_USB_DEVICE_VS_USB_DEVICE_CDC_FS.Signal=USB_DEVICE_VS_USB_DEVICE_CDC_FS
PA5.GPIOParameters=GPIO_Label
PC14-OSC32_IN\ (PC14).Locked=true
PA14\ (JTCK/SWCLK).GPIO_Label=SWCLK
PB5.GPIO_Label=RELAY13
RCC.APB1TimFreq_Value=80000000
NVIC.BusFault_IRQn=true\:0\:0\:false\:false\:true\:false\:false
RCC.LPUART1Freq_Value=80000000
RCC.CK48CLockSelection=RCC_USBCLKSOURCE_HSI48
PA4.GPIO_Label=RELAY05
ProjectManager.CustomerFirmwarePackage=
RCC.HSI48_VALUE=48000000
PA3.Signal=GPIO_Output
PA2.Locked=true
PA6.GPIOParameters=GPIO_Label
PB3\ (JTDO/TRACESWO).GPIO_Label=RELAY15
RCC.MSI_VALUE=4000000
RCC.PLLSourceVirtual=RCC_PLLSOURCE_HSI
RCC.PLLQoutputFreq_Value=80000000
ProjectManager.ProjectFileName=RelayBoard.ioc
PC15-OSC32_OUT\ (PC15).GPIO_Label=STATUS
PA13\ (JTMS/SWDIO).Mode=Serial_Wire
Mcu.PinsNb=26
ProjectManager.NoMain=false
USB_DEVICE.VirtualModeFS=Cdc_FS
PA9.GPIO_Label=RELAY11
ProjectManager.DefaultFWLocation=true
PC15-OSC32_OUT\ (PC15).Signal=GPIO_Output
ProjectManager.DeletePrevious=true
PA13\ (JTMS/SWDIO).GPIOParameters=GPIO_Label
USB_DEVICE.IPParameters=VirtualMode,VirtualModeFS,CLASS_NAME_FS,APP_RX_DATA_SIZE,APP_TX_DATA_SIZE,USBD_SELF_POWERED,MANUFACTURER_STRING,PRODUCT_STRING_CDC_FS
RCC.FamilyName=M
PC14-OSC32_IN\ (PC14).GPIO_Label=ALERT
PB4\ (NJTRST).GPIOParameters=GPIO_Label
PA8.GPIO_Label=RELAY10
PB3\ (JTDO/TRACESWO).Locked=true
PB3\ (JTDO/TRACESWO).Signal=GPIO_Output
ProjectManager.TargetToolchain=STM32CubeIDE
USB_DEVICE.PRODUCT_STRING_CDC_FS=RelayBoard
PB7.GPIOParameters=GPIO_Label
VP_USB_DEVICE_VS_USB_DEVICE_CDC_FS.Mode=CDC_FS
PA9.Signal=GPIO_Output
I2C1.Timing=0x10909CEC
PB5.Locked=true
ProjectManager.RegisterCallBack=
PC15-OSC32_OUT\ (PC15).Locked=true
RCC.USBFreq_Value=48000000
RCC.LSE_VALUE=32768
PA1.Signal=GPIO_Output
PB1.Locked=true
PA5.Signal=GPIO_Output
board=custom
RCC.VCOOutputFreq_Value=160000000
ProjectManager.LastFirmware=true
RCC.APB2Freq_Value=80000000
MxCube.Version=6.2.1
RCC.I2C1Freq_Value=80000000
RCC.RNGFreq_Value=48000000
RCC.ADCFreq_Value=80000000
PA1.GPIO_Label=RELAY08
PA10.GPIOParameters=GPIO_Label
VP_SYS_VS_Systick.Mode=SysTick
PA9.Locked=true
NVIC.NonMaskableInt_IRQn=true\:0\:0\:false\:false\:true\:false\:false
PA4.GPIOParameters=GPIO_Label
ProjectManager.FreePins=true
PA15\ (JTDI).GPIO_Label=RELAY16
RCC.IPParameters=ADCFreq_Value,AHBFreq_Value,APB1Freq_Value,APB1TimFreq_Value,APB2Freq_Value,APB2TimFreq_Value,CK48CLockSelection,CRSFreq_Value,CortexFreq_Value,FCLKCortexFreq_Value,FamilyName,HCLKFreq_Value,HSE_VALUE,HSI48_VALUE,HSI_VALUE,I2C1Freq_Value,I2C3Freq_Value,LPTIM1Freq_Value,LPTIM2Freq_Value,LPUART1Freq_Value,LSCOPinFreq_Value,LSE_VALUE,LSI_VALUE,MCO1PinFreq_Value,MSI_VALUE,PLLN,PLLQoutputFreq_Value,PLLRCLKFreq_Value,PLLSourceVirtual,PWRFreq_Value,RNGFreq_Value,SYSCLKFreq_VALUE,SYSCLKSource,USART1Freq_Value,USART2Freq_Value,USBFreq_Value,VCOInputFreq_Value,VCOOutputFreq_Value
ProjectManager.AskForMigrate=true
Mcu.Name=STM32L412KBTx
RCC.LPTIM2Freq_Value=80000000
Mcu.Pin24=VP_SYS_VS_Systick
PA2.Signal=GPIO_Output
ProjectManager.UnderRoot=true
Mcu.Pin25=VP_USB_DEVICE_VS_USB_DEVICE_CDC_FS
ProjectManager.CoupleFile=false
PA4.Signal=GPIO_Output
RCC.SYSCLKFreq_VALUE=80000000
PB5.Signal=GPIO_Output
Mcu.Pin22=PB6
Mcu.Pin23=PB7
PA1.Locked=true
PA7.GPIO_Label=RELAY02
Mcu.Pin20=PB4 (NJTRST)
PA3.Locked=true
Mcu.Pin21=PB5
PA12.Mode=Device
PA5.GPIO_Label=RELAY04
PA10.Locked=true
NVIC.ForceEnableDMAVector=true
KeepUserPlacement=false
PC14-OSC32_IN\ (PC14).Signal=GPIO_Input
NVIC.MemoryManagement_IRQn=true\:0\:0\:false\:false\:true\:false\:false
ProjectManager.CompilerOptimize=6
PB7.Mode=I2C
PA11.Signal=USB_DM
USB_DEVICE.APP_TX_DATA_SIZE=256
ProjectManager.HeapSize=0x200
Mcu.Pin15=PA12
NVIC.HardFault_IRQn=true\:0\:0\:false\:false\:true\:false\:false
Mcu.Pin16=PA13 (JTMS/SWDIO)
Mcu.Pin13=PA10
Mcu.Pin14=PA11
Mcu.Pin19=PB3 (JTDO/TRACESWO)
ProjectManager.ComputerToolchain=false
Mcu.Pin17=PA14 (JTCK/SWCLK)
RCC.HSI_VALUE=16000000
Mcu.Pin18=PA15 (JTDI)
PC14-OSC32_IN\ (PC14).GPIOParameters=GPIO_PuPd,GPIO_Label
NVIC.PriorityGroup=NVIC_PRIORITYGROUP_4
Mcu.Pin11=PA8
Mcu.Pin12=PA9
RCC.PLLN=10
Mcu.Pin10=PB1
USB_DEVICE.APP_RX_DATA_SIZE=256
RCC.PWRFreq_Value=80000000
PB4\ (NJTRST).GPIO_Label=RELAY14
PA15\ (JTDI).Locked=true
RCC.APB1Freq_Value=80000000
PB0.Signal=GPIO_Output
USB_DEVICE.VirtualMode=Cdc
PA7.GPIOParameters=GPIO_Label
ProjectManager.DeviceId=STM32L412KBTx
ProjectManager.LibraryCopy=1
PA13\ (JTMS/SWDIO).Signal=SYS_JTMS-SWDIO
PA3.GPIO_Label=RELAY06
PB1.GPIOParameters=GPIO_Label
PA7.Signal=GPIO_Output
PB4\ (NJTRST).Signal=GPIO_Output
PA6.Locked=true
isbadioc=false
